
Microsoft Visual Studio Solution File, Format Version 12.00
Project("{FAE04EC0-301F-11D3-BF4B-00C04F79EFBC}") = "RunningApp", "RunningApp\RunningApp.csproj", "{100A50CC-02E4-49BF-9AC1-73671485F99C}"
EndProject
Global
	GlobalSection(SolutionConfigurationPlatforms) = preSolution
		Debug|Any CPU = Debug|Any CPU
		Release|Any CPU = Release|Any CPU
	EndGlobalSection
	GlobalSection(ProjectConfigurationPlatforms) = postSolution
		{100A50CC-02E4-49BF-9AC1-73671485F99C}.Debug|Any CPU.ActiveCfg = Debug|Any CPU
		{100A50CC-02E4-49BF-9AC1-73671485F99C}.Debug|Any CPU.Build.0 = Debug|Any CPU
		{100A50CC-02E4-49BF-9AC1-73671485F99C}.Release|Any CPU.ActiveCfg = Release|Any CPU
		{100A50CC-02E4-49BF-9AC1-73671485F99C}.Release|Any CPU.Build.0 = Release|Any CPU
	EndGlobalSection
EndGlobal
